// !$*UTF8*$!
{
	archiveVersion = 1;
	classes = {
	};
	objectVersion = 46;
	objects = {

/* Begin PBXBuildFile section */
		2099EEF48E437A15D0A1FDC1 /* Pods_TeamOrange.framework in Frameworks */ = {isa = PBXBuildFile; fileRef = AAEF8389E9CBFCA746229A38 /* Pods_TeamOrange.framework */; };
		4C2E7EFA1E9D61EE008510F6 /* SWRevealViewController.m in Sources */ = {isa = PBXBuildFile; fileRef = 4C2E7EF91E9D61EE008510F6 /* SWRevealViewController.m */; };
		4C2E7EFC1E9D681A008510F6 /* HomeRearViewController.swift in Sources */ = {isa = PBXBuildFile; fileRef = 4C2E7EFB1E9D681A008510F6 /* HomeRearViewController.swift */; };
		4C885E3F1E93EB9700B80EA4 /* LoginController.swift in Sources */ = {isa = PBXBuildFile; fileRef = 4C885E3E1E93EB9700B80EA4 /* LoginController.swift */; };
		4C885E421E93F3C000B80EA4 /* UIViewConstraints.swift in Sources */ = {isa = PBXBuildFile; fileRef = 4C885E411E93F3C000B80EA4 /* UIViewConstraints.swift */; };
		4C885E461E93F99C00B80EA4 /* LoginButton.swift in Sources */ = {isa = PBXBuildFile; fileRef = 4C885E451E93F99C00B80EA4 /* LoginButton.swift */; };
		4CE02D271E95A1BD0068190C /* LoginButtonStackView.swift in Sources */ = {isa = PBXBuildFile; fileRef = 4CE02D261E95A1BD0068190C /* LoginButtonStackView.swift */; };
		5614FC5C1EA0615D003D2A01 /* RandomColor.swift in Sources */ = {isa = PBXBuildFile; fileRef = 5614FC5B1EA0615D003D2A01 /* RandomColor.swift */; };
		5614FC5E1EA10BCA003D2A01 /* GamePeekScrollerDelegate.swift in Sources */ = {isa = PBXBuildFile; fileRef = 5614FC5D1EA10BCA003D2A01 /* GamePeekScrollerDelegate.swift */; };
		561B2ADD1E9EA61F00A3C95B /* MapGradientView.swift in Sources */ = {isa = PBXBuildFile; fileRef = 561B2ADC1E9EA61F00A3C95B /* MapGradientView.swift */; };
		561B2AE11E9ED25800A3C95B /* StaticNavBar.swift in Sources */ = {isa = PBXBuildFile; fileRef = 561B2AE01E9ED25800A3C95B /* StaticNavBar.swift */; };
		562358181E9994F300B58A32 /* ClickableImageView.swift in Sources */ = {isa = PBXBuildFile; fileRef = 562358171E9994F300B58A32 /* ClickableImageView.swift */; };
		5624EFE11E92BBED00BB2662 /* AppDelegate.swift in Sources */ = {isa = PBXBuildFile; fileRef = 5624EFE01E92BBED00BB2662 /* AppDelegate.swift */; };
		5624EFE91E92BBED00BB2662 /* TeamOrange.xcdatamodeld in Sources */ = {isa = PBXBuildFile; fileRef = 5624EFE71E92BBED00BB2662 /* TeamOrange.xcdatamodeld */; };
		5624EFEB1E92BBED00BB2662 /* Assets.xcassets in Resources */ = {isa = PBXBuildFile; fileRef = 5624EFEA1E92BBED00BB2662 /* Assets.xcassets */; };
		5624EFF71E92BD3D00BB2662 /* Player.swift in Sources */ = {isa = PBXBuildFile; fileRef = 5624EFF61E92BD3D00BB2662 /* Player.swift */; };
		5624EFFA1E92BD7200BB2662 /* Team.swift in Sources */ = {isa = PBXBuildFile; fileRef = 5624EFF91E92BD7200BB2662 /* Team.swift */; };
		5624EFFE1E92BD8E00BB2662 /* Location.swift in Sources */ = {isa = PBXBuildFile; fileRef = 5624EFFD1E92BD8E00BB2662 /* Location.swift */; };
		5624F0011E92C04B00BB2662 /* Sport.swift in Sources */ = {isa = PBXBuildFile; fileRef = 5624F0001E92C04B00BB2662 /* Sport.swift */; };
		5624F0031E92C58900BB2662 /* Gender.swift in Sources */ = {isa = PBXBuildFile; fileRef = 5624F0021E92C58900BB2662 /* Gender.swift */; };
		5624F00B1E92F43100BB2662 /* GameState.swift in Sources */ = {isa = PBXBuildFile; fileRef = 5624F00A1E92F43100BB2662 /* GameState.swift */; };
		5624F00D1E92F44400BB2662 /* InsertToFirebase.swift in Sources */ = {isa = PBXBuildFile; fileRef = 5624F00C1E92F44400BB2662 /* InsertToFirebase.swift */; };
		5638E8D61E9D5F6C00058672 /* GeoFire.m in Sources */ = {isa = PBXBuildFile; fileRef = 5638E8CC1E9D5F6C00058672 /* GeoFire.m */; };
		5638E8D71E9D5F6C00058672 /* GFBase32Utils.m in Sources */ = {isa = PBXBuildFile; fileRef = 5638E8CF1E9D5F6C00058672 /* GFBase32Utils.m */; };
		5638E8D81E9D5F6C00058672 /* GFGeoHash.m in Sources */ = {isa = PBXBuildFile; fileRef = 5638E8D11E9D5F6C00058672 /* GFGeoHash.m */; };
		5638E8D91E9D5F6C00058672 /* GFGeoHashQuery.m in Sources */ = {isa = PBXBuildFile; fileRef = 5638E8D31E9D5F6C00058672 /* GFGeoHashQuery.m */; };
		5638E8DA1E9D5F6C00058672 /* GFQuery.m in Sources */ = {isa = PBXBuildFile; fileRef = 5638E8D41E9D5F6C00058672 /* GFQuery.m */; };
		5638E8DC1E9D714A00058672 /* GamePeekView.swift in Sources */ = {isa = PBXBuildFile; fileRef = 5638E8DB1E9D714A00058672 /* GamePeekView.swift */; };
		5638E8DE1E9D7A3000058672 /* GamePeekController.swift in Sources */ = {isa = PBXBuildFile; fileRef = 5638E8DD1E9D7A3000058672 /* GamePeekController.swift */; };
		5638E8E01E9E774900058672 /* RoundSingleCorners.swift in Sources */ = {isa = PBXBuildFile; fileRef = 5638E8DF1E9E774900058672 /* RoundSingleCorners.swift */; };
		5639B47E1E9816CF008FD173 /* SportPickerController.swift in Sources */ = {isa = PBXBuildFile; fileRef = 5639B47D1E9816CF008FD173 /* SportPickerController.swift */; };
		5639B4801E98171D008FD173 /* SportPickerView.swift in Sources */ = {isa = PBXBuildFile; fileRef = 5639B47F1E98171D008FD173 /* SportPickerView.swift */; };
		5649440E1E999C6C00E56F41 /* SportIconScroll.swift in Sources */ = {isa = PBXBuildFile; fileRef = 5649440D1E999C6C00E56F41 /* SportIconScroll.swift */; };
		564F0B001E9C051300A48E43 /* WhiteFontLabel.swift in Sources */ = {isa = PBXBuildFile; fileRef = 564F0AFF1E9C051300A48E43 /* WhiteFontLabel.swift */; };
		566EEDE41EA0230100D3F8A2 /* GamePeekScroller.swift in Sources */ = {isa = PBXBuildFile; fileRef = 566EEDE31EA0230100D3F8A2 /* GamePeekScroller.swift */; };
		568D5B5F1E97CD4F009CA1C7 /* QueryFirebase.swift in Sources */ = {isa = PBXBuildFile; fileRef = 568D5B5E1E97CD4F009CA1C7 /* QueryFirebase.swift */; };
		569F05CE1E99AAD5008C82B8 /* ChosenSportTableCell.swift in Sources */ = {isa = PBXBuildFile; fileRef = 569F05CD1E99AAD5008C82B8 /* ChosenSportTableCell.swift */; };
		56B5B9A21EA5AA9100294EF2 /* PlayerTableViewController.swift in Sources */ = {isa = PBXBuildFile; fileRef = 56B5B9A11EA5AA9100294EF2 /* PlayerTableViewController.swift */; };
		56B5B9A41EA651A600294EF2 /* PlayerTableViewCell.swift in Sources */ = {isa = PBXBuildFile; fileRef = 56B5B9A31EA651A600294EF2 /* PlayerTableViewCell.swift */; };
		56B5B9A71EA6622B00294EF2 /* GameTableViewCell.swift in Sources */ = {isa = PBXBuildFile; fileRef = 56B5B9A61EA6622B00294EF2 /* GameTableViewCell.swift */; };
		56B5B9A91EA6659200294EF2 /* GameTableViewController.swift in Sources */ = {isa = PBXBuildFile; fileRef = 56B5B9A81EA6659200294EF2 /* GameTableViewController.swift */; };
		56B5B9AB1EA69FA400294EF2 /* ViewControllerConstraints.swift in Sources */ = {isa = PBXBuildFile; fileRef = 56B5B9AA1EA69FA400294EF2 /* ViewControllerConstraints.swift */; };
		56BB7B891E99655D001C75E9 /* SportPickerTopView.swift in Sources */ = {isa = PBXBuildFile; fileRef = 56BB7B881E99655D001C75E9 /* SportPickerTopView.swift */; };
		56BB7B8B1E996568001C75E9 /* SportPickerBottomView.swift in Sources */ = {isa = PBXBuildFile; fileRef = 56BB7B8A1E996568001C75E9 /* SportPickerBottomView.swift */; };
		56BB7B8D1E9966CA001C75E9 /* SportPickerCenterView.swift in Sources */ = {isa = PBXBuildFile; fileRef = 56BB7B8C1E9966CA001C75E9 /* SportPickerCenterView.swift */; };
		56BB7B8F1E996C8D001C75E9 /* BlurView.swift in Sources */ = {isa = PBXBuildFile; fileRef = 56BB7B8E1E996C8D001C75E9 /* BlurView.swift */; };
		56E902CA1EA0489B00579F46 /* AbbreviatedGameView.swift in Sources */ = {isa = PBXBuildFile; fileRef = 56E902C91EA0489B00579F46 /* AbbreviatedGameView.swift */; };
		56E902CC1EA0499B00579F46 /* PlayerCollectionViewCell.swift in Sources */ = {isa = PBXBuildFile; fileRef = 56E902CB1EA0499B00579F46 /* PlayerCollectionViewCell.swift */; };
		56ED6E691EA51BC0005206C8 /* CurrentPlayer.swift in Sources */ = {isa = PBXBuildFile; fileRef = 56ED6E681EA51BC0005206C8 /* CurrentPlayer.swift */; };
		56ED6E6B1EA533C8005206C8 /* PlayerController.swift in Sources */ = {isa = PBXBuildFile; fileRef = 56ED6E6A1EA533C8005206C8 /* PlayerController.swift */; };
		56ED6E721EA5491B005206C8 /* PlayerView.swift in Sources */ = {isa = PBXBuildFile; fileRef = 56ED6E711EA5491B005206C8 /* PlayerView.swift */; };
		56ED6E741EA54DE7005206C8 /* PlayerViewDelegate.swift in Sources */ = {isa = PBXBuildFile; fileRef = 56ED6E731EA54DE7005206C8 /* PlayerViewDelegate.swift */; };
		56F8C6F81E9C1D6D0022A695 /* SFSportsNight.ttf in Resources */ = {isa = PBXBuildFile; fileRef = 56F8C6F71E9C1CF10022A695 /* SFSportsNight.ttf */; };
		56FDCD371E9431AE00FE5AA9 /* GoogleService-Info.plist in Resources */ = {isa = PBXBuildFile; fileRef = 56FDCD361E9431AE00FE5AA9 /* GoogleService-Info.plist */; };
		56FDCD391E9557CC00FE5AA9 /* Category.swift in Sources */ = {isa = PBXBuildFile; fileRef = 56FDCD381E9557CC00FE5AA9 /* Category.swift */; };
		881D88E71EA02114006D5F44 /* CompletionCell.swift in Sources */ = {isa = PBXBuildFile; fileRef = 881D88E61EA02114006D5F44 /* CompletionCell.swift */; };
		881D88E91EA13D54006D5F44 /* LocationPinAnnotationView.swift in Sources */ = {isa = PBXBuildFile; fileRef = 881D88E81EA13D54006D5F44 /* LocationPinAnnotationView.swift */; };
		887987E11E93E7D100F5C540 /* CoreLocClient.swift in Sources */ = {isa = PBXBuildFile; fileRef = 887987E01E93E7D100F5C540 /* CoreLocClient.swift */; };
		887987E31E93EC3000F5C540 /* MapKitClient.swift in Sources */ = {isa = PBXBuildFile; fileRef = 887987E21E93EC3000F5C540 /* MapKitClient.swift */; };
		887987E51E9426DA00F5C540 /* Game.swift in Sources */ = {isa = PBXBuildFile; fileRef = 887987E41E9426DA00F5C540 /* Game.swift */; };
		887987EB1E943DC700F5C540 /* MapSearchView.swift in Sources */ = {isa = PBXBuildFile; fileRef = 887987EA1E943DC700F5C540 /* MapSearchView.swift */; };
		887987ED1E94653000F5C540 /* SearchBarView.swift in Sources */ = {isa = PBXBuildFile; fileRef = 887987EC1E94653000F5C540 /* SearchBarView.swift */; };
		88798E261E95B60900F5C540 /* MapViewController.swift in Sources */ = {isa = PBXBuildFile; fileRef = 88798E251E95B60900F5C540 /* MapViewController.swift */; };
		889C529C1E9BFDAC00B4E550 /* LocSearchClient.swift in Sources */ = {isa = PBXBuildFile; fileRef = 889C529B1E9BFDAC00B4E550 /* LocSearchClient.swift */; };
		889C529E1E9D2DEB00B4E550 /* GeoFireClient.swift in Sources */ = {isa = PBXBuildFile; fileRef = 889C529D1E9D2DEB00B4E550 /* GeoFireClient.swift */; };
/* End PBXBuildFile section */

/* Begin PBXFileReference section */
		40B865929CF74C03A91BAF9F /* Pods-TeamOrange.release.xcconfig */ = {isa = PBXFileReference; includeInIndex = 1; lastKnownFileType = text.xcconfig; name = "Pods-TeamOrange.release.xcconfig"; path = "Pods/Target Support Files/Pods-TeamOrange/Pods-TeamOrange.release.xcconfig"; sourceTree = "<group>"; };
		4C2E7EF71E9D61ED008510F6 /* TeamOrange-Bridging-Header.h */ = {isa = PBXFileReference; lastKnownFileType = sourcecode.c.h; path = "TeamOrange-Bridging-Header.h"; sourceTree = "<group>"; };
		4C2E7EF81E9D61EE008510F6 /* SWRevealViewController.h */ = {isa = PBXFileReference; fileEncoding = 4; lastKnownFileType = sourcecode.c.h; path = SWRevealViewController.h; sourceTree = "<group>"; };
		4C2E7EF91E9D61EE008510F6 /* SWRevealViewController.m */ = {isa = PBXFileReference; fileEncoding = 4; lastKnownFileType = sourcecode.c.objc; path = SWRevealViewController.m; sourceTree = "<group>"; };
		4C2E7EFB1E9D681A008510F6 /* HomeRearViewController.swift */ = {isa = PBXFileReference; fileEncoding = 4; lastKnownFileType = sourcecode.swift; path = HomeRearViewController.swift; sourceTree = "<group>"; };
		4C885E3E1E93EB9700B80EA4 /* LoginController.swift */ = {isa = PBXFileReference; fileEncoding = 4; lastKnownFileType = sourcecode.swift; path = LoginController.swift; sourceTree = "<group>"; };
		4C885E411E93F3C000B80EA4 /* UIViewConstraints.swift */ = {isa = PBXFileReference; fileEncoding = 4; lastKnownFileType = sourcecode.swift; path = UIViewConstraints.swift; sourceTree = "<group>"; };
		4C885E451E93F99C00B80EA4 /* LoginButton.swift */ = {isa = PBXFileReference; fileEncoding = 4; lastKnownFileType = sourcecode.swift; path = LoginButton.swift; sourceTree = "<group>"; };
		4CE02D261E95A1BD0068190C /* LoginButtonStackView.swift */ = {isa = PBXFileReference; fileEncoding = 4; lastKnownFileType = sourcecode.swift; path = LoginButtonStackView.swift; sourceTree = "<group>"; };
		5614FC5B1EA0615D003D2A01 /* RandomColor.swift */ = {isa = PBXFileReference; fileEncoding = 4; lastKnownFileType = sourcecode.swift; path = RandomColor.swift; sourceTree = "<group>"; };
		5614FC5D1EA10BCA003D2A01 /* GamePeekScrollerDelegate.swift */ = {isa = PBXFileReference; fileEncoding = 4; lastKnownFileType = sourcecode.swift; path = GamePeekScrollerDelegate.swift; sourceTree = "<group>"; };
		561B2ADC1E9EA61F00A3C95B /* MapGradientView.swift */ = {isa = PBXFileReference; fileEncoding = 4; lastKnownFileType = sourcecode.swift; path = MapGradientView.swift; sourceTree = "<group>"; };
		561B2AE01E9ED25800A3C95B /* StaticNavBar.swift */ = {isa = PBXFileReference; fileEncoding = 4; lastKnownFileType = sourcecode.swift; path = StaticNavBar.swift; sourceTree = "<group>"; };
		562358171E9994F300B58A32 /* ClickableImageView.swift */ = {isa = PBXFileReference; fileEncoding = 4; lastKnownFileType = sourcecode.swift; path = ClickableImageView.swift; sourceTree = "<group>"; };
		5624EFDD1E92BBED00BB2662 /* TeamOrange.app */ = {isa = PBXFileReference; explicitFileType = wrapper.application; includeInIndex = 0; path = TeamOrange.app; sourceTree = BUILT_PRODUCTS_DIR; };
		5624EFE01E92BBED00BB2662 /* AppDelegate.swift */ = {isa = PBXFileReference; lastKnownFileType = sourcecode.swift; name = AppDelegate.swift; path = TeamOrange/AppDelegate.swift; sourceTree = "<group>"; };
		5624EFE81E92BBED00BB2662 /* TeamOrange.xcdatamodel */ = {isa = PBXFileReference; lastKnownFileType = wrapper.xcdatamodel; path = TeamOrange.xcdatamodel; sourceTree = "<group>"; };
		5624EFEA1E92BBED00BB2662 /* Assets.xcassets */ = {isa = PBXFileReference; lastKnownFileType = folder.assetcatalog; name = Assets.xcassets; path = TeamOrange/Assets.xcassets; sourceTree = "<group>"; };
		5624EFEF1E92BBED00BB2662 /* Info.plist */ = {isa = PBXFileReference; lastKnownFileType = text.plist.xml; name = Info.plist; path = TeamOrange/Info.plist; sourceTree = "<group>"; };
		5624EFF61E92BD3D00BB2662 /* Player.swift */ = {isa = PBXFileReference; fileEncoding = 4; lastKnownFileType = sourcecode.swift; name = Player.swift; path = ../Player.swift; sourceTree = "<group>"; };
		5624EFF91E92BD7200BB2662 /* Team.swift */ = {isa = PBXFileReference; fileEncoding = 4; lastKnownFileType = sourcecode.swift; path = Team.swift; sourceTree = "<group>"; };
		5624EFFD1E92BD8E00BB2662 /* Location.swift */ = {isa = PBXFileReference; fileEncoding = 4; lastKnownFileType = sourcecode.swift; path = Location.swift; sourceTree = "<group>"; };
		5624F0001E92C04B00BB2662 /* Sport.swift */ = {isa = PBXFileReference; fileEncoding = 4; lastKnownFileType = sourcecode.swift; path = Sport.swift; sourceTree = "<group>"; };
		5624F0021E92C58900BB2662 /* Gender.swift */ = {isa = PBXFileReference; fileEncoding = 4; lastKnownFileType = sourcecode.swift; path = Gender.swift; sourceTree = "<group>"; };
		5624F00A1E92F43100BB2662 /* GameState.swift */ = {isa = PBXFileReference; fileEncoding = 4; lastKnownFileType = sourcecode.swift; path = GameState.swift; sourceTree = "<group>"; };
		5624F00C1E92F44400BB2662 /* InsertToFirebase.swift */ = {isa = PBXFileReference; fileEncoding = 4; lastKnownFileType = sourcecode.swift; path = InsertToFirebase.swift; sourceTree = "<group>"; };
		5638E8C61E9D5F4B00058672 /* GeoFire.h */ = {isa = PBXFileReference; lastKnownFileType = sourcecode.c.h; path = GeoFire.h; sourceTree = "<group>"; };
		5638E8C71E9D5F4B00058672 /* GFCircleQuery.h */ = {isa = PBXFileReference; lastKnownFileType = sourcecode.c.h; path = GFCircleQuery.h; sourceTree = "<group>"; };
		5638E8C81E9D5F4B00058672 /* GFQuery.h */ = {isa = PBXFileReference; lastKnownFileType = sourcecode.c.h; path = GFQuery.h; sourceTree = "<group>"; };
		5638E8C91E9D5F4B00058672 /* GFRegionQuery.h */ = {isa = PBXFileReference; lastKnownFileType = sourcecode.c.h; path = GFRegionQuery.h; sourceTree = "<group>"; };
		5638E8CA1E9D5F6000058672 /* GeoFire-Prefix.pch */ = {isa = PBXFileReference; lastKnownFileType = sourcecode.c.h; path = "GeoFire-Prefix.pch"; sourceTree = "<group>"; };
		5638E8CC1E9D5F6C00058672 /* GeoFire.m */ = {isa = PBXFileReference; fileEncoding = 4; lastKnownFileType = sourcecode.c.objc; path = GeoFire.m; sourceTree = "<group>"; };
		5638E8CD1E9D5F6C00058672 /* GeoFire+Private.h */ = {isa = PBXFileReference; fileEncoding = 4; lastKnownFileType = sourcecode.c.h; path = "GeoFire+Private.h"; sourceTree = "<group>"; };
		5638E8CE1E9D5F6C00058672 /* GFBase32Utils.h */ = {isa = PBXFileReference; fileEncoding = 4; lastKnownFileType = sourcecode.c.h; path = GFBase32Utils.h; sourceTree = "<group>"; };
		5638E8CF1E9D5F6C00058672 /* GFBase32Utils.m */ = {isa = PBXFileReference; fileEncoding = 4; lastKnownFileType = sourcecode.c.objc; path = GFBase32Utils.m; sourceTree = "<group>"; };
		5638E8D01E9D5F6C00058672 /* GFGeoHash.h */ = {isa = PBXFileReference; fileEncoding = 4; lastKnownFileType = sourcecode.c.h; path = GFGeoHash.h; sourceTree = "<group>"; };
		5638E8D11E9D5F6C00058672 /* GFGeoHash.m */ = {isa = PBXFileReference; fileEncoding = 4; lastKnownFileType = sourcecode.c.objc; path = GFGeoHash.m; sourceTree = "<group>"; };
		5638E8D21E9D5F6C00058672 /* GFGeoHashQuery.h */ = {isa = PBXFileReference; fileEncoding = 4; lastKnownFileType = sourcecode.c.h; path = GFGeoHashQuery.h; sourceTree = "<group>"; };
		5638E8D31E9D5F6C00058672 /* GFGeoHashQuery.m */ = {isa = PBXFileReference; fileEncoding = 4; lastKnownFileType = sourcecode.c.objc; path = GFGeoHashQuery.m; sourceTree = "<group>"; };
		5638E8D41E9D5F6C00058672 /* GFQuery.m */ = {isa = PBXFileReference; fileEncoding = 4; lastKnownFileType = sourcecode.c.objc; path = GFQuery.m; sourceTree = "<group>"; };
		5638E8D51E9D5F6C00058672 /* GFQuery+Private.h */ = {isa = PBXFileReference; fileEncoding = 4; lastKnownFileType = sourcecode.c.h; path = "GFQuery+Private.h"; sourceTree = "<group>"; };
		5638E8DB1E9D714A00058672 /* GamePeekView.swift */ = {isa = PBXFileReference; fileEncoding = 4; lastKnownFileType = sourcecode.swift; path = GamePeekView.swift; sourceTree = "<group>"; };
		5638E8DD1E9D7A3000058672 /* GamePeekController.swift */ = {isa = PBXFileReference; fileEncoding = 4; lastKnownFileType = sourcecode.swift; path = GamePeekController.swift; sourceTree = "<group>"; };
		5638E8DF1E9E774900058672 /* RoundSingleCorners.swift */ = {isa = PBXFileReference; fileEncoding = 4; lastKnownFileType = sourcecode.swift; path = RoundSingleCorners.swift; sourceTree = "<group>"; };
		5639B47D1E9816CF008FD173 /* SportPickerController.swift */ = {isa = PBXFileReference; fileEncoding = 4; lastKnownFileType = sourcecode.swift; path = SportPickerController.swift; sourceTree = "<group>"; };
		5639B47F1E98171D008FD173 /* SportPickerView.swift */ = {isa = PBXFileReference; fileEncoding = 4; lastKnownFileType = sourcecode.swift; path = SportPickerView.swift; sourceTree = "<group>"; };
		5649440D1E999C6C00E56F41 /* SportIconScroll.swift */ = {isa = PBXFileReference; fileEncoding = 4; lastKnownFileType = sourcecode.swift; path = SportIconScroll.swift; sourceTree = "<group>"; };
		564F0AFF1E9C051300A48E43 /* WhiteFontLabel.swift */ = {isa = PBXFileReference; fileEncoding = 4; lastKnownFileType = sourcecode.swift; path = WhiteFontLabel.swift; sourceTree = "<group>"; };
		566EEDE31EA0230100D3F8A2 /* GamePeekScroller.swift */ = {isa = PBXFileReference; fileEncoding = 4; lastKnownFileType = sourcecode.swift; path = GamePeekScroller.swift; sourceTree = "<group>"; };
		568D5B5E1E97CD4F009CA1C7 /* QueryFirebase.swift */ = {isa = PBXFileReference; fileEncoding = 4; lastKnownFileType = sourcecode.swift; path = QueryFirebase.swift; sourceTree = "<group>"; };
		569F05CD1E99AAD5008C82B8 /* ChosenSportTableCell.swift */ = {isa = PBXFileReference; fileEncoding = 4; lastKnownFileType = sourcecode.swift; path = ChosenSportTableCell.swift; sourceTree = "<group>"; };
		56B5B9A11EA5AA9100294EF2 /* PlayerTableViewController.swift */ = {isa = PBXFileReference; fileEncoding = 4; lastKnownFileType = sourcecode.swift; path = PlayerTableViewController.swift; sourceTree = "<group>"; };
		56B5B9A31EA651A600294EF2 /* PlayerTableViewCell.swift */ = {isa = PBXFileReference; fileEncoding = 4; lastKnownFileType = sourcecode.swift; path = PlayerTableViewCell.swift; sourceTree = "<group>"; };
		56B5B9A61EA6622B00294EF2 /* GameTableViewCell.swift */ = {isa = PBXFileReference; fileEncoding = 4; lastKnownFileType = sourcecode.swift; path = GameTableViewCell.swift; sourceTree = "<group>"; };
		56B5B9A81EA6659200294EF2 /* GameTableViewController.swift */ = {isa = PBXFileReference; fileEncoding = 4; lastKnownFileType = sourcecode.swift; path = GameTableViewController.swift; sourceTree = "<group>"; };
		56B5B9AA1EA69FA400294EF2 /* ViewControllerConstraints.swift */ = {isa = PBXFileReference; fileEncoding = 4; lastKnownFileType = sourcecode.swift; path = ViewControllerConstraints.swift; sourceTree = "<group>"; };
		56BB7B881E99655D001C75E9 /* SportPickerTopView.swift */ = {isa = PBXFileReference; fileEncoding = 4; lastKnownFileType = sourcecode.swift; path = SportPickerTopView.swift; sourceTree = "<group>"; };
		56BB7B8A1E996568001C75E9 /* SportPickerBottomView.swift */ = {isa = PBXFileReference; fileEncoding = 4; lastKnownFileType = sourcecode.swift; path = SportPickerBottomView.swift; sourceTree = "<group>"; };
		56BB7B8C1E9966CA001C75E9 /* SportPickerCenterView.swift */ = {isa = PBXFileReference; fileEncoding = 4; lastKnownFileType = sourcecode.swift; path = SportPickerCenterView.swift; sourceTree = "<group>"; };
		56BB7B8E1E996C8D001C75E9 /* BlurView.swift */ = {isa = PBXFileReference; fileEncoding = 4; lastKnownFileType = sourcecode.swift; path = BlurView.swift; sourceTree = "<group>"; };
		56E902C91EA0489B00579F46 /* AbbreviatedGameView.swift */ = {isa = PBXFileReference; fileEncoding = 4; lastKnownFileType = sourcecode.swift; path = AbbreviatedGameView.swift; sourceTree = "<group>"; };
		56E902CB1EA0499B00579F46 /* PlayerCollectionViewCell.swift */ = {isa = PBXFileReference; fileEncoding = 4; lastKnownFileType = sourcecode.swift; path = PlayerCollectionViewCell.swift; sourceTree = "<group>"; };
		56ED6E681EA51BC0005206C8 /* CurrentPlayer.swift */ = {isa = PBXFileReference; fileEncoding = 4; lastKnownFileType = sourcecode.swift; path = CurrentPlayer.swift; sourceTree = "<group>"; };
		56ED6E6A1EA533C8005206C8 /* PlayerController.swift */ = {isa = PBXFileReference; fileEncoding = 4; lastKnownFileType = sourcecode.swift; path = PlayerController.swift; sourceTree = "<group>"; };
		56ED6E711EA5491B005206C8 /* PlayerView.swift */ = {isa = PBXFileReference; fileEncoding = 4; lastKnownFileType = sourcecode.swift; path = PlayerView.swift; sourceTree = "<group>"; };
		56ED6E731EA54DE7005206C8 /* PlayerViewDelegate.swift */ = {isa = PBXFileReference; fileEncoding = 4; lastKnownFileType = sourcecode.swift; path = PlayerViewDelegate.swift; sourceTree = "<group>"; };
		56F8C6F71E9C1CF10022A695 /* SFSportsNight.ttf */ = {isa = PBXFileReference; lastKnownFileType = file; path = SFSportsNight.ttf; sourceTree = "<group>"; };
		56FDCD361E9431AE00FE5AA9 /* GoogleService-Info.plist */ = {isa = PBXFileReference; fileEncoding = 4; lastKnownFileType = text.plist.xml; path = "GoogleService-Info.plist"; sourceTree = "<group>"; };
		56FDCD381E9557CC00FE5AA9 /* Category.swift */ = {isa = PBXFileReference; fileEncoding = 4; lastKnownFileType = sourcecode.swift; path = Category.swift; sourceTree = "<group>"; };
		881D88E61EA02114006D5F44 /* CompletionCell.swift */ = {isa = PBXFileReference; fileEncoding = 4; lastKnownFileType = sourcecode.swift; path = CompletionCell.swift; sourceTree = "<group>"; };
		881D88E81EA13D54006D5F44 /* LocationPinAnnotationView.swift */ = {isa = PBXFileReference; fileEncoding = 4; lastKnownFileType = sourcecode.swift; path = LocationPinAnnotationView.swift; sourceTree = "<group>"; };
		887987E01E93E7D100F5C540 /* CoreLocClient.swift */ = {isa = PBXFileReference; fileEncoding = 4; lastKnownFileType = sourcecode.swift; path = CoreLocClient.swift; sourceTree = "<group>"; };
		887987E21E93EC3000F5C540 /* MapKitClient.swift */ = {isa = PBXFileReference; fileEncoding = 4; lastKnownFileType = sourcecode.swift; path = MapKitClient.swift; sourceTree = "<group>"; };
		887987E41E9426DA00F5C540 /* Game.swift */ = {isa = PBXFileReference; fileEncoding = 4; lastKnownFileType = sourcecode.swift; path = Game.swift; sourceTree = "<group>"; };
		887987EA1E943DC700F5C540 /* MapSearchView.swift */ = {isa = PBXFileReference; fileEncoding = 4; lastKnownFileType = sourcecode.swift; path = MapSearchView.swift; sourceTree = "<group>"; };
		887987EC1E94653000F5C540 /* SearchBarView.swift */ = {isa = PBXFileReference; fileEncoding = 4; lastKnownFileType = sourcecode.swift; path = SearchBarView.swift; sourceTree = "<group>"; };
		88798E251E95B60900F5C540 /* MapViewController.swift */ = {isa = PBXFileReference; fileEncoding = 4; lastKnownFileType = sourcecode.swift; path = MapViewController.swift; sourceTree = "<group>"; };
		889C529B1E9BFDAC00B4E550 /* LocSearchClient.swift */ = {isa = PBXFileReference; fileEncoding = 4; lastKnownFileType = sourcecode.swift; path = LocSearchClient.swift; sourceTree = "<group>"; };
		889C529D1E9D2DEB00B4E550 /* GeoFireClient.swift */ = {isa = PBXFileReference; fileEncoding = 4; lastKnownFileType = sourcecode.swift; path = GeoFireClient.swift; sourceTree = "<group>"; };
		AAEF8389E9CBFCA746229A38 /* Pods_TeamOrange.framework */ = {isa = PBXFileReference; explicitFileType = wrapper.framework; includeInIndex = 0; path = Pods_TeamOrange.framework; sourceTree = BUILT_PRODUCTS_DIR; };
		D8EA57988E1A6ABDDCAF32E9 /* Pods-TeamOrange.debug.xcconfig */ = {isa = PBXFileReference; includeInIndex = 1; lastKnownFileType = text.xcconfig; name = "Pods-TeamOrange.debug.xcconfig"; path = "Pods/Target Support Files/Pods-TeamOrange/Pods-TeamOrange.debug.xcconfig"; sourceTree = "<group>"; };
/* End PBXFileReference section */

/* Begin PBXFrameworksBuildPhase section */
		5624EFDA1E92BBED00BB2662 /* Frameworks */ = {
			isa = PBXFrameworksBuildPhase;
			buildActionMask = 2147483647;
			files = (
				2099EEF48E437A15D0A1FDC1 /* Pods_TeamOrange.framework in Frameworks */,
			);
			runOnlyForDeploymentPostprocessing = 0;
		};
/* End PBXFrameworksBuildPhase section */

/* Begin PBXGroup section */
		4C885E3D1E93EB8100B80EA4 /* Controllers */ = {
			isa = PBXGroup;
			children = (
				4C885E3E1E93EB9700B80EA4 /* LoginController.swift */,
				88798E251E95B60900F5C540 /* MapViewController.swift */,
				5639B47D1E9816CF008FD173 /* SportPickerController.swift */,
				4C2E7EFB1E9D681A008510F6 /* HomeRearViewController.swift */,
				5638E8DD1E9D7A3000058672 /* GamePeekController.swift */,
				56ED6E6A1EA533C8005206C8 /* PlayerController.swift */,
				56B5B9A11EA5AA9100294EF2 /* PlayerTableViewController.swift */,
				56B5B9A81EA6659200294EF2 /* GameTableViewController.swift */,
			);
			name = Controllers;
			sourceTree = "<group>";
		};
		4C885E401E93F2D200B80EA4 /* Apple Class Extensions */ = {
			isa = PBXGroup;
			children = (
				4C885E411E93F3C000B80EA4 /* UIViewConstraints.swift */,
				5638E8DF1E9E774900058672 /* RoundSingleCorners.swift */,
				561B2AE01E9ED25800A3C95B /* StaticNavBar.swift */,
				5614FC5B1EA0615D003D2A01 /* RandomColor.swift */,
				56B5B9AA1EA69FA400294EF2 /* ViewControllerConstraints.swift */,
			);
			name = "Apple Class Extensions";
			sourceTree = "<group>";
		};
		4C885E441E93F8DB00B80EA4 /* Views */ = {
			isa = PBXGroup;
			children = (
				56B5B9A51EA661FD00294EF2 /* Cells */,
				56ED6E701EA5490A005206C8 /* Player Views */,
				566EEDE21EA022A800D3F8A2 /* Game Peek Scroller */,
				56BB7B901E996E28001C75E9 /* Sport Picker Menu */,
				4C885E451E93F99C00B80EA4 /* LoginButton.swift */,
				4CE02D261E95A1BD0068190C /* LoginButtonStackView.swift */,
				887987EA1E943DC700F5C540 /* MapSearchView.swift */,
				887987EC1E94653000F5C540 /* SearchBarView.swift */,
				56BB7B8E1E996C8D001C75E9 /* BlurView.swift */,
				562358171E9994F300B58A32 /* ClickableImageView.swift */,
				561B2ADC1E9EA61F00A3C95B /* MapGradientView.swift */,
				881D88E81EA13D54006D5F44 /* LocationPinAnnotationView.swift */,
			);
			name = Views;
			sourceTree = "<group>";
		};
		4C9F8FF21EA01D2C00EE70D6 /* Obj C Files */ = {
			isa = PBXGroup;
			children = (
				4C2E7EF71E9D61ED008510F6 /* TeamOrange-Bridging-Header.h */,
				4C9F8FF31EA01D4500EE70D6 /* Reveal View */,
				5638E8C51E9D5F2500058672 /* GeoFire */,
			);
			name = "Obj C Files";
			sourceTree = "<group>";
		};
		4C9F8FF31EA01D4500EE70D6 /* Reveal View */ = {
			isa = PBXGroup;
			children = (
				4C2E7EF81E9D61EE008510F6 /* SWRevealViewController.h */,
				4C2E7EF91E9D61EE008510F6 /* SWRevealViewController.m */,
			);
			name = "Reveal View";
			sourceTree = "<group>";
		};
		5624EFD41E92BBED00BB2662 = {
			isa = PBXGroup;
			children = (
				5624EFDF1E92BBED00BB2662 /* TeamOrange */,
				7020B53CF8B5E1EF120691F7 /* Pods */,
				5624EFDE1E92BBED00BB2662 /* Products */,
				979D5305D3A31456FB1561CA /* Frameworks */,
			);
			sourceTree = "<group>";
		};
		5624EFDE1E92BBED00BB2662 /* Products */ = {
			isa = PBXGroup;
			children = (
				5624EFDD1E92BBED00BB2662 /* TeamOrange.app */,
			);
			name = Products;
			sourceTree = "<group>";
		};
		5624EFDF1E92BBED00BB2662 /* TeamOrange */ = {
			isa = PBXGroup;
			children = (
				4C9F8FF21EA01D2C00EE70D6 /* Obj C Files */,
				56F8C6F61E9C1CE10022A695 /* Fonts */,
				5624EFF81E92BD4600BB2662 /* Models */,
				4C885E441E93F8DB00B80EA4 /* Views */,
				4C885E3D1E93EB8100B80EA4 /* Controllers */,
				4C885E401E93F2D200B80EA4 /* Apple Class Extensions */,
				56FDCD341E941E4400FE5AA9 /* Enums */,
				5624EFFF1E92BF3500BB2662 /* Essential Files */,
				56FDCD351E941E8D00FE5AA9 /* Protocols */,
				56FDCD331E941E1600FE5AA9 /* Utilities */,
			);
			path = TeamOrange;
			sourceTree = "<group>";
		};
		5624EFF81E92BD4600BB2662 /* Models */ = {
			isa = PBXGroup;
			children = (
				887987E41E9426DA00F5C540 /* Game.swift */,
				5624F00A1E92F43100BB2662 /* GameState.swift */,
				5624EFFD1E92BD8E00BB2662 /* Location.swift */,
				5624EFF91E92BD7200BB2662 /* Team.swift */,
				5624EFF61E92BD3D00BB2662 /* Player.swift */,
				56ED6E681EA51BC0005206C8 /* CurrentPlayer.swift */,
			);
			name = Models;
			sourceTree = "<group>";
		};
		5624EFFF1E92BF3500BB2662 /* Essential Files */ = {
			isa = PBXGroup;
			children = (
				5624EFE01E92BBED00BB2662 /* AppDelegate.swift */,
				5624EFE71E92BBED00BB2662 /* TeamOrange.xcdatamodeld */,
				5624EFEA1E92BBED00BB2662 /* Assets.xcassets */,
				5624EFEF1E92BBED00BB2662 /* Info.plist */,
				56FDCD361E9431AE00FE5AA9 /* GoogleService-Info.plist */,
			);
			name = "Essential Files";
			path = ..;
			sourceTree = "<group>";
		};
		5638E8C51E9D5F2500058672 /* GeoFire */ = {
			isa = PBXGroup;
			children = (
				5638E8C61E9D5F4B00058672 /* GeoFire.h */,
				5638E8C71E9D5F4B00058672 /* GFCircleQuery.h */,
				5638E8C81E9D5F4B00058672 /* GFQuery.h */,
				5638E8C91E9D5F4B00058672 /* GFRegionQuery.h */,
				5638E8CA1E9D5F6000058672 /* GeoFire-Prefix.pch */,
				5638E8CC1E9D5F6C00058672 /* GeoFire.m */,
				5638E8CD1E9D5F6C00058672 /* GeoFire+Private.h */,
				5638E8CE1E9D5F6C00058672 /* GFBase32Utils.h */,
				5638E8CF1E9D5F6C00058672 /* GFBase32Utils.m */,
				5638E8D01E9D5F6C00058672 /* GFGeoHash.h */,
				5638E8D11E9D5F6C00058672 /* GFGeoHash.m */,
				5638E8D21E9D5F6C00058672 /* GFGeoHashQuery.h */,
				5638E8D31E9D5F6C00058672 /* GFGeoHashQuery.m */,
				5638E8D41E9D5F6C00058672 /* GFQuery.m */,
				5638E8D51E9D5F6C00058672 /* GFQuery+Private.h */,
			);
			name = GeoFire;
			sourceTree = "<group>";
		};
		566EEDE21EA022A800D3F8A2 /* Game Peek Scroller */ = {
			isa = PBXGroup;
			children = (
				5638E8DB1E9D714A00058672 /* GamePeekView.swift */,
				566EEDE31EA0230100D3F8A2 /* GamePeekScroller.swift */,
				56E902C91EA0489B00579F46 /* AbbreviatedGameView.swift */,
			);
			name = "Game Peek Scroller";
			sourceTree = "<group>";
		};
		568D5B5D1E97CD38009CA1C7 /* Firebase Client */ = {
			isa = PBXGroup;
			children = (
				5624F00C1E92F44400BB2662 /* InsertToFirebase.swift */,
				568D5B5E1E97CD4F009CA1C7 /* QueryFirebase.swift */,
			);
			name = "Firebase Client";
			sourceTree = "<group>";
		};
		56B5B9A51EA661FD00294EF2 /* Cells */ = {
			isa = PBXGroup;
			children = (
				881D88E61EA02114006D5F44 /* CompletionCell.swift */,
				56E902CB1EA0499B00579F46 /* PlayerCollectionViewCell.swift */,
				56B5B9A31EA651A600294EF2 /* PlayerTableViewCell.swift */,
				56B5B9A61EA6622B00294EF2 /* GameTableViewCell.swift */,
			);
			name = Cells;
			sourceTree = "<group>";
		};
		56BB7B901E996E28001C75E9 /* Sport Picker Menu */ = {
			isa = PBXGroup;
			children = (
				5639B47F1E98171D008FD173 /* SportPickerView.swift */,
				56BB7B8C1E9966CA001C75E9 /* SportPickerCenterView.swift */,
				56BB7B8A1E996568001C75E9 /* SportPickerBottomView.swift */,
				56BB7B881E99655D001C75E9 /* SportPickerTopView.swift */,
				5649440D1E999C6C00E56F41 /* SportIconScroll.swift */,
				569F05CD1E99AAD5008C82B8 /* ChosenSportTableCell.swift */,
				564F0AFF1E9C051300A48E43 /* WhiteFontLabel.swift */,
			);
			name = "Sport Picker Menu";
			sourceTree = "<group>";
		};
		56ED6E701EA5490A005206C8 /* Player Views */ = {
			isa = PBXGroup;
			children = (
				56ED6E711EA5491B005206C8 /* PlayerView.swift */,
			);
			name = "Player Views";
			sourceTree = "<group>";
		};
		56F8C6F61E9C1CE10022A695 /* Fonts */ = {
			isa = PBXGroup;
			children = (
				56F8C6F71E9C1CF10022A695 /* SFSportsNight.ttf */,
			);
			name = Fonts;
			sourceTree = "<group>";
		};
		56FDCD331E941E1600FE5AA9 /* Utilities */ = {
			isa = PBXGroup;
			children = (
				568D5B5D1E97CD38009CA1C7 /* Firebase Client */,
				887987E01E93E7D100F5C540 /* CoreLocClient.swift */,
				889C529B1E9BFDAC00B4E550 /* LocSearchClient.swift */,
				887987E21E93EC3000F5C540 /* MapKitClient.swift */,
				889C529D1E9D2DEB00B4E550 /* GeoFireClient.swift */,
			);
			name = Utilities;
			sourceTree = "<group>";
		};
		56FDCD341E941E4400FE5AA9 /* Enums */ = {
			isa = PBXGroup;
			children = (
				56FDCD381E9557CC00FE5AA9 /* Category.swift */,
				5624F0021E92C58900BB2662 /* Gender.swift */,
				5624F0001E92C04B00BB2662 /* Sport.swift */,
			);
			name = Enums;
			sourceTree = "<group>";
		};
		56FDCD351E941E8D00FE5AA9 /* Protocols */ = {
			isa = PBXGroup;
			children = (
				5614FC5D1EA10BCA003D2A01 /* GamePeekScrollerDelegate.swift */,
				56ED6E731EA54DE7005206C8 /* PlayerViewDelegate.swift */,
			);
			name = Protocols;
			sourceTree = "<group>";
		};
		7020B53CF8B5E1EF120691F7 /* Pods */ = {
			isa = PBXGroup;
			children = (
				D8EA57988E1A6ABDDCAF32E9 /* Pods-TeamOrange.debug.xcconfig */,
				40B865929CF74C03A91BAF9F /* Pods-TeamOrange.release.xcconfig */,
			);
			name = Pods;
			sourceTree = "<group>";
		};
		979D5305D3A31456FB1561CA /* Frameworks */ = {
			isa = PBXGroup;
			children = (
				AAEF8389E9CBFCA746229A38 /* Pods_TeamOrange.framework */,
			);
			name = Frameworks;
			sourceTree = "<group>";
		};
/* End PBXGroup section */

/* Begin PBXNativeTarget section */
		5624EFDC1E92BBED00BB2662 /* TeamOrange */ = {
			isa = PBXNativeTarget;
			buildConfigurationList = 5624EFF21E92BBED00BB2662 /* Build configuration list for PBXNativeTarget "TeamOrange" */;
			buildPhases = (
				83A7876E22BC49AFFB8E4C81 /* [CP] Check Pods Manifest.lock */,
				5624EFD91E92BBED00BB2662 /* Sources */,
				5624EFDA1E92BBED00BB2662 /* Frameworks */,
				5624EFDB1E92BBED00BB2662 /* Resources */,
				4DCDF048FC841A86CDAD807F /* [CP] Embed Pods Frameworks */,
				D487F1753B057B010BD759E7 /* [CP] Copy Pods Resources */,
			);
			buildRules = (
			);
			dependencies = (
			);
			name = TeamOrange;
			productName = TeamOrange;
			productReference = 5624EFDD1E92BBED00BB2662 /* TeamOrange.app */;
			productType = "com.apple.product-type.application";
		};
/* End PBXNativeTarget section */

/* Begin PBXProject section */
		5624EFD51E92BBED00BB2662 /* Project object */ = {
			isa = PBXProject;
			attributes = {
				LastSwiftUpdateCheck = 0830;
				LastUpgradeCheck = 0830;
				ORGANIZATIONNAME = "William Brancato";
				TargetAttributes = {
					5624EFDC1E92BBED00BB2662 = {
						CreatedOnToolsVersion = 8.3;
						DevelopmentTeam = X6M58BL6UT;
						LastSwiftMigration = 0830;
						ProvisioningStyle = Automatic;
					};
				};
			};
			buildConfigurationList = 5624EFD81E92BBED00BB2662 /* Build configuration list for PBXProject "TeamOrange" */;
			compatibilityVersion = "Xcode 3.2";
			developmentRegion = English;
			hasScannedForEncodings = 0;
			knownRegions = (
				en,
				Base,
			);
			mainGroup = 5624EFD41E92BBED00BB2662;
			productRefGroup = 5624EFDE1E92BBED00BB2662 /* Products */;
			projectDirPath = "";
			projectRoot = "";
			targets = (
				5624EFDC1E92BBED00BB2662 /* TeamOrange */,
			);
		};
/* End PBXProject section */

/* Begin PBXResourcesBuildPhase section */
		5624EFDB1E92BBED00BB2662 /* Resources */ = {
			isa = PBXResourcesBuildPhase;
			buildActionMask = 2147483647;
			files = (
				56F8C6F81E9C1D6D0022A695 /* SFSportsNight.ttf in Resources */,
				5624EFEB1E92BBED00BB2662 /* Assets.xcassets in Resources */,
				56FDCD371E9431AE00FE5AA9 /* GoogleService-Info.plist in Resources */,
			);
			runOnlyForDeploymentPostprocessing = 0;
		};
/* End PBXResourcesBuildPhase section */

/* Begin PBXShellScriptBuildPhase section */
		4DCDF048FC841A86CDAD807F /* [CP] Embed Pods Frameworks */ = {
			isa = PBXShellScriptBuildPhase;
			buildActionMask = 2147483647;
			files = (
			);
			inputPaths = (
			);
			name = "[CP] Embed Pods Frameworks";
			outputPaths = (
			);
			runOnlyForDeploymentPostprocessing = 0;
			shellPath = /bin/sh;
			shellScript = "\"${SRCROOT}/Pods/Target Support Files/Pods-TeamOrange/Pods-TeamOrange-frameworks.sh\"\n";
			showEnvVarsInLog = 0;
		};
		83A7876E22BC49AFFB8E4C81 /* [CP] Check Pods Manifest.lock */ = {
			isa = PBXShellScriptBuildPhase;
			buildActionMask = 2147483647;
			files = (
			);
			inputPaths = (
			);
			name = "[CP] Check Pods Manifest.lock";
			outputPaths = (
			);
			runOnlyForDeploymentPostprocessing = 0;
			shellPath = /bin/sh;
			shellScript = "diff \"${PODS_ROOT}/../Podfile.lock\" \"${PODS_ROOT}/Manifest.lock\" > /dev/null\nif [ $? != 0 ] ; then\n    # print error to STDERR\n    echo \"error: The sandbox is not in sync with the Podfile.lock. Run 'pod install' or update your CocoaPods installation.\" >&2\n    exit 1\nfi\n";
			showEnvVarsInLog = 0;
		};
		D487F1753B057B010BD759E7 /* [CP] Copy Pods Resources */ = {
			isa = PBXShellScriptBuildPhase;
			buildActionMask = 2147483647;
			files = (
			);
			inputPaths = (
			);
			name = "[CP] Copy Pods Resources";
			outputPaths = (
			);
			runOnlyForDeploymentPostprocessing = 0;
			shellPath = /bin/sh;
			shellScript = "\"${SRCROOT}/Pods/Target Support Files/Pods-TeamOrange/Pods-TeamOrange-resources.sh\"\n";
			showEnvVarsInLog = 0;
		};
/* End PBXShellScriptBuildPhase section */

/* Begin PBXSourcesBuildPhase section */
		5624EFD91E92BBED00BB2662 /* Sources */ = {
			isa = PBXSourcesBuildPhase;
			buildActionMask = 2147483647;
			files = (
				56BB7B8D1E9966CA001C75E9 /* SportPickerCenterView.swift in Sources */,
				889C529C1E9BFDAC00B4E550 /* LocSearchClient.swift in Sources */,
				887987E11E93E7D100F5C540 /* CoreLocClient.swift in Sources */,
				56ED6E721EA5491B005206C8 /* PlayerView.swift in Sources */,
				5638E8DA1E9D5F6C00058672 /* GFQuery.m in Sources */,
				887987E51E9426DA00F5C540 /* Game.swift in Sources */,
				561B2ADD1E9EA61F00A3C95B /* MapGradientView.swift in Sources */,
				5638E8D71E9D5F6C00058672 /* GFBase32Utils.m in Sources */,
				5638E8D91E9D5F6C00058672 /* GFGeoHashQuery.m in Sources */,
				5624F0011E92C04B00BB2662 /* Sport.swift in Sources */,
				4C2E7EFC1E9D681A008510F6 /* HomeRearViewController.swift in Sources */,
				56B5B9AB1EA69FA400294EF2 /* ViewControllerConstraints.swift in Sources */,
				887987E31E93EC3000F5C540 /* MapKitClient.swift in Sources */,
				56BB7B8F1E996C8D001C75E9 /* BlurView.swift in Sources */,
				5638E8DE1E9D7A3000058672 /* GamePeekController.swift in Sources */,
				5624EFFA1E92BD7200BB2662 /* Team.swift in Sources */,
				4C2E7EFA1E9D61EE008510F6 /* SWRevealViewController.m in Sources */,
				889C529E1E9D2DEB00B4E550 /* GeoFireClient.swift in Sources */,
				564F0B001E9C051300A48E43 /* WhiteFontLabel.swift in Sources */,
				56BB7B8B1E996568001C75E9 /* SportPickerBottomView.swift in Sources */,
				56E902CA1EA0489B00579F46 /* AbbreviatedGameView.swift in Sources */,
				4C885E461E93F99C00B80EA4 /* LoginButton.swift in Sources */,
				5638E8D81E9D5F6C00058672 /* GFGeoHash.m in Sources */,
				56B5B9A71EA6622B00294EF2 /* GameTableViewCell.swift in Sources */,
				56ED6E741EA54DE7005206C8 /* PlayerViewDelegate.swift in Sources */,
				5624EFE91E92BBED00BB2662 /* TeamOrange.xcdatamodeld in Sources */,
				56FDCD391E9557CC00FE5AA9 /* Category.swift in Sources */,
				4C885E421E93F3C000B80EA4 /* UIViewConstraints.swift in Sources */,
				5624F0031E92C58900BB2662 /* Gender.swift in Sources */,
				5624EFE11E92BBED00BB2662 /* AppDelegate.swift in Sources */,
				5649440E1E999C6C00E56F41 /* SportIconScroll.swift in Sources */,
				5639B4801E98171D008FD173 /* SportPickerView.swift in Sources */,
				568D5B5F1E97CD4F009CA1C7 /* QueryFirebase.swift in Sources */,
				56E902CC1EA0499B00579F46 /* PlayerCollectionViewCell.swift in Sources */,
				56ED6E691EA51BC0005206C8 /* CurrentPlayer.swift in Sources */,
				562358181E9994F300B58A32 /* ClickableImageView.swift in Sources */,
				5624F00B1E92F43100BB2662 /* GameState.swift in Sources */,
				569F05CE1E99AAD5008C82B8 /* ChosenSportTableCell.swift in Sources */,
				881D88E71EA02114006D5F44 /* CompletionCell.swift in Sources */,
				56B5B9A21EA5AA9100294EF2 /* PlayerTableViewController.swift in Sources */,
				4CE02D271E95A1BD0068190C /* LoginButtonStackView.swift in Sources */,
				5638E8D61E9D5F6C00058672 /* GeoFire.m in Sources */,
				56B5B9A41EA651A600294EF2 /* PlayerTableViewCell.swift in Sources */,
				5614FC5E1EA10BCA003D2A01 /* GamePeekScrollerDelegate.swift in Sources */,
				56ED6E6B1EA533C8005206C8 /* PlayerController.swift in Sources */,
				56BB7B891E99655D001C75E9 /* SportPickerTopView.swift in Sources */,
				56B5B9A91EA6659200294EF2 /* GameTableViewController.swift in Sources */,
				5624F00D1E92F44400BB2662 /* InsertToFirebase.swift in Sources */,
				5624EFFE1E92BD8E00BB2662 /* Location.swift in Sources */,
				881D88E91EA13D54006D5F44 /* LocationPinAnnotationView.swift in Sources */,
				566EEDE41EA0230100D3F8A2 /* GamePeekScroller.swift in Sources */,
				88798E261E95B60900F5C540 /* MapViewController.swift in Sources */,
				5624EFF71E92BD3D00BB2662 /* Player.swift in Sources */,
				5614FC5C1EA0615D003D2A01 /* RandomColor.swift in Sources */,
				4C885E3F1E93EB9700B80EA4 /* LoginController.swift in Sources */,
				561B2AE11E9ED25800A3C95B /* StaticNavBar.swift in Sources */,
				887987ED1E94653000F5C540 /* SearchBarView.swift in Sources */,
				5639B47E1E9816CF008FD173 /* SportPickerController.swift in Sources */,
				5638E8E01E9E774900058672 /* RoundSingleCorners.swift in Sources */,
				5638E8DC1E9D714A00058672 /* GamePeekView.swift in Sources */,
				887987EB1E943DC700F5C540 /* MapSearchView.swift in Sources */,
			);
			runOnlyForDeploymentPostprocessing = 0;
		};
/* End PBXSourcesBuildPhase section */

/* Begin XCBuildConfiguration section */
		5624EFF01E92BBED00BB2662 /* Debug */ = {
			isa = XCBuildConfiguration;
			buildSettings = {
				ALWAYS_SEARCH_USER_PATHS = NO;
				CLANG_ANALYZER_NONNULL = YES;
				CLANG_ANALYZER_NUMBER_OBJECT_CONVERSION = YES_AGGRESSIVE;
				CLANG_CXX_LANGUAGE_STANDARD = "gnu++0x";
				CLANG_CXX_LIBRARY = "libc++";
				CLANG_ENABLE_MODULES = YES;
				CLANG_ENABLE_OBJC_ARC = YES;
				CLANG_WARN_BOOL_CONVERSION = YES;
				CLANG_WARN_CONSTANT_CONVERSION = YES;
				CLANG_WARN_DIRECT_OBJC_ISA_USAGE = YES_ERROR;
				CLANG_WARN_DOCUMENTATION_COMMENTS = YES;
				CLANG_WARN_EMPTY_BODY = YES;
				CLANG_WARN_ENUM_CONVERSION = YES;
				CLANG_WARN_INFINITE_RECURSION = YES;
				CLANG_WARN_INT_CONVERSION = YES;
				CLANG_WARN_OBJC_ROOT_CLASS = YES_ERROR;
				CLANG_WARN_SUSPICIOUS_MOVE = YES;
				CLANG_WARN_UNREACHABLE_CODE = YES;
				CLANG_WARN__DUPLICATE_METHOD_MATCH = YES;
				"CODE_SIGN_IDENTITY[sdk=iphoneos*]" = "iPhone Developer";
				COPY_PHASE_STRIP = NO;
				DEBUG_INFORMATION_FORMAT = dwarf;
				DEFINES_MODULE = YES;
				ENABLE_STRICT_OBJC_MSGSEND = YES;
				ENABLE_TESTABILITY = YES;
				GCC_C_LANGUAGE_STANDARD = gnu99;
				GCC_DYNAMIC_NO_PIC = NO;
				GCC_NO_COMMON_BLOCKS = YES;
				GCC_OPTIMIZATION_LEVEL = 0;
				GCC_PREPROCESSOR_DEFINITIONS = (
					"DEBUG=1",
					"$(inherited)",
				);
				GCC_WARN_64_TO_32_BIT_CONVERSION = YES;
				GCC_WARN_ABOUT_RETURN_TYPE = YES_ERROR;
				GCC_WARN_UNDECLARED_SELECTOR = YES;
				GCC_WARN_UNINITIALIZED_AUTOS = YES_AGGRESSIVE;
				GCC_WARN_UNUSED_FUNCTION = YES;
				GCC_WARN_UNUSED_VARIABLE = YES;
				IPHONEOS_DEPLOYMENT_TARGET = 10.3;
				MTL_ENABLE_DEBUG_INFO = YES;
				ONLY_ACTIVE_ARCH = YES;
				SDKROOT = iphoneos;
				SWIFT_ACTIVE_COMPILATION_CONDITIONS = DEBUG;
				SWIFT_OPTIMIZATION_LEVEL = "-Onone";
			};
			name = Debug;
		};
		5624EFF11E92BBED00BB2662 /* Release */ = {
			isa = XCBuildConfiguration;
			buildSettings = {
				ALWAYS_SEARCH_USER_PATHS = NO;
				CLANG_ANALYZER_NONNULL = YES;
				CLANG_ANALYZER_NUMBER_OBJECT_CONVERSION = YES_AGGRESSIVE;
				CLANG_CXX_LANGUAGE_STANDARD = "gnu++0x";
				CLANG_CXX_LIBRARY = "libc++";
				CLANG_ENABLE_MODULES = YES;
				CLANG_ENABLE_OBJC_ARC = YES;
				CLANG_WARN_BOOL_CONVERSION = YES;
				CLANG_WARN_CONSTANT_CONVERSION = YES;
				CLANG_WARN_DIRECT_OBJC_ISA_USAGE = YES_ERROR;
				CLANG_WARN_DOCUMENTATION_COMMENTS = YES;
				CLANG_WARN_EMPTY_BODY = YES;
				CLANG_WARN_ENUM_CONVERSION = YES;
				CLANG_WARN_INFINITE_RECURSION = YES;
				CLANG_WARN_INT_CONVERSION = YES;
				CLANG_WARN_OBJC_ROOT_CLASS = YES_ERROR;
				CLANG_WARN_SUSPICIOUS_MOVE = YES;
				CLANG_WARN_UNREACHABLE_CODE = YES;
				CLANG_WARN__DUPLICATE_METHOD_MATCH = YES;
				"CODE_SIGN_IDENTITY[sdk=iphoneos*]" = "iPhone Developer";
				COPY_PHASE_STRIP = NO;
				DEBUG_INFORMATION_FORMAT = "dwarf-with-dsym";
				DEFINES_MODULE = YES;
				ENABLE_NS_ASSERTIONS = NO;
				ENABLE_STRICT_OBJC_MSGSEND = YES;
				GCC_C_LANGUAGE_STANDARD = gnu99;
				GCC_NO_COMMON_BLOCKS = YES;
				GCC_WARN_64_TO_32_BIT_CONVERSION = YES;
				GCC_WARN_ABOUT_RETURN_TYPE = YES_ERROR;
				GCC_WARN_UNDECLARED_SELECTOR = YES;
				GCC_WARN_UNINITIALIZED_AUTOS = YES_AGGRESSIVE;
				GCC_WARN_UNUSED_FUNCTION = YES;
				GCC_WARN_UNUSED_VARIABLE = YES;
				IPHONEOS_DEPLOYMENT_TARGET = 10.3;
				MTL_ENABLE_DEBUG_INFO = NO;
				SDKROOT = iphoneos;
				SWIFT_OPTIMIZATION_LEVEL = "-Owholemodule";
				VALIDATE_PRODUCT = YES;
			};
			name = Release;
		};
		5624EFF31E92BBED00BB2662 /* Debug */ = {
			isa = XCBuildConfiguration;
			baseConfigurationReference = D8EA57988E1A6ABDDCAF32E9 /* Pods-TeamOrange.debug.xcconfig */;
			buildSettings = {
				ASSETCATALOG_COMPILER_APPICON_NAME = AppIcon;
				CLANG_ENABLE_MODULES = YES;
				DEVELOPMENT_TEAM = X6M58BL6UT;
				INFOPLIST_FILE = TeamOrange/Info.plist;
				IPHONEOS_DEPLOYMENT_TARGET = 10.2;
				LD_RUNPATH_SEARCH_PATHS = "$(inherited) @executable_path/Frameworks";
				PRODUCT_BUNDLE_IDENTIFIER = com.TeamOrange.iOS;
				PRODUCT_NAME = "$(TARGET_NAME)";
				SWIFT_OBJC_BRIDGING_HEADER = "TeamOrange/TeamOrange-Bridging-Header.h";
				SWIFT_OPTIMIZATION_LEVEL = "-Onone";
				SWIFT_VERSION = 3.0;
			};
			name = Debug;
		};
		5624EFF41E92BBED00BB2662 /* Release */ = {
			isa = XCBuildConfiguration;
			baseConfigurationReference = 40B865929CF74C03A91BAF9F /* Pods-TeamOrange.release.xcconfig */;
			buildSettings = {
				ASSETCATALOG_COMPILER_APPICON_NAME = AppIcon;
				CLANG_ENABLE_MODULES = YES;
				DEVELOPMENT_TEAM = X6M58BL6UT;
				INFOPLIST_FILE = TeamOrange/Info.plist;
				IPHONEOS_DEPLOYMENT_TARGET = 10.2;
				LD_RUNPATH_SEARCH_PATHS = "$(inherited) @executable_path/Frameworks";
				PRODUCT_BUNDLE_IDENTIFIER = com.TeamOrange.iOS;
				PRODUCT_NAME = "$(TARGET_NAME)";
				SWIFT_OBJC_BRIDGING_HEADER = "TeamOrange/TeamOrange-Bridging-Header.h";
				SWIFT_VERSION = 3.0;
			};
			name = Release;
		};
/* End XCBuildConfiguration section */

/* Begin XCConfigurationList section */
		5624EFD81E92BBED00BB2662 /* Build configuration list for PBXProject "TeamOrange" */ = {
			isa = XCConfigurationList;
			buildConfigurations = (
				5624EFF01E92BBED00BB2662 /* Debug */,
				5624EFF11E92BBED00BB2662 /* Release */,
			);
			defaultConfigurationIsVisible = 0;
			defaultConfigurationName = Release;
		};
		5624EFF21E92BBED00BB2662 /* Build configuration list for PBXNativeTarget "TeamOrange" */ = {
			isa = XCConfigurationList;
			buildConfigurations = (
				5624EFF31E92BBED00BB2662 /* Debug */,
				5624EFF41E92BBED00BB2662 /* Release */,
			);
			defaultConfigurationIsVisible = 0;
			defaultConfigurationName = Release;
		};
/* End XCConfigurationList section */

/* Begin XCVersionGroup section */
		5624EFE71E92BBED00BB2662 /* TeamOrange.xcdatamodeld */ = {
			isa = XCVersionGroup;
			children = (
				5624EFE81E92BBED00BB2662 /* TeamOrange.xcdatamodel */,
			);
			currentVersion = 5624EFE81E92BBED00BB2662 /* TeamOrange.xcdatamodel */;
			name = TeamOrange.xcdatamodeld;
			path = TeamOrange/TeamOrange.xcdatamodeld;
			sourceTree = "<group>";
			versionGroupType = wrapper.xcdatamodel;
		};
/* End XCVersionGroup section */
	};
	rootObject = 5624EFD51E92BBED00BB2662 /* Project object */;
}
